
Microsoft Visual Studio Solution File, Format Version 12.00
# Visual Studio Version 16
VisualStudioVersion = 16.0.30523.141
MinimumVisualStudioVersion = 10.0.40219.1
Project("{FAE04EC0-301F-11D3-BF4B-00C04F79EFBC}") = "ScriptWriterAddIn", "ScriptWriterAddIn.csproj", "{C6697C34-DFB8-4E07-BD30-96F4EC25E2BD}"
EndProject
Project("{FAE04EC0-301F-11D3-BF4B-00C04F79EFBC}") = "ScriptWriterAddInWeb", "..\ScriptWriterAddInWeb\ScriptWriterAddInWeb.csproj", "{3AC13293-D562-49FE-A839-8E9AD1BE7710}"
EndProject
Global
	GlobalSection(SolutionConfigurationPlatforms) = preSolution
		Debug|Any CPU = Debug|Any CPU
		Release|Any CPU = Release|Any CPU
	EndGlobalSection
	GlobalSection(ProjectConfigurationPlatforms) = postSolution
		{C6697C34-DFB8-4E07-BD30-96F4EC25E2BD}.Debug|Any CPU.ActiveCfg = Debug|Any CPU
		{C6697C34-DFB8-4E07-BD30-96F4EC25E2BD}.Debug|Any CPU.Build.0 = Debug|Any CPU
		{C6697C34-DFB8-4E07-BD30-96F4EC25E2BD}.Debug|Any CPU.Deploy.0 = Debug|Any CPU
		{C6697C34-DFB8-4E07-BD30-96F4EC25E2BD}.Release|Any CPU.ActiveCfg = Release|Any CPU
		{C6697C34-DFB8-4E07-BD30-96F4EC25E2BD}.Release|Any CPU.Build.0 = Release|Any CPU
		{C6697C34-DFB8-4E07-BD30-96F4EC25E2BD}.Release|Any CPU.Deploy.0 = Release|Any CPU
		{3AC13293-D562-49FE-A839-8E9AD1BE7710}.Debug|Any CPU.ActiveCfg = Debug|Any CPU
		{3AC13293-D562-49FE-A839-8E9AD1BE7710}.Debug|Any CPU.Build.0 = Debug|Any CPU
		{3AC13293-D562-49FE-A839-8E9AD1BE7710}.Release|Any CPU.ActiveCfg = Release|Any CPU
		{3AC13293-D562-49FE-A839-8E9AD1BE7710}.Release|Any CPU.Build.0 = Release|Any CPU
	EndGlobalSection
	GlobalSection(SolutionProperties) = preSolution
		HideSolutionNode = FALSE
	EndGlobalSection
	GlobalSection(ExtensibilityGlobals) = postSolution
		SolutionGuid = {3C412100-D132-40FE-914E-C480F6FFA961}
	EndGlobalSection
EndGlobal
